{
  "nodes": {
    "CHaP": {
      "flake": false,
      "locked": {
        "lastModified": 1739645821,
        "narHash": "sha256-HjAchUMLsiScm8Jyd+I/5YJKUjDp1r+XFzr05d+o+r4=",
        "owner": "input-output-hk",
        "repo": "cardano-haskell-packages",
        "rev": "48b941c5729384f38b79c6f473ddbf920cb310ea",
        "type": "github"
      },
      "original": {
        "owner": "input-output-hk",
        "ref": "repo",
        "repo": "cardano-haskell-packages",
        "type": "github"
      }
    },
    "flake-parts": {
      "inputs": {
        "nixpkgs-lib": "nixpkgs-lib"
      },
      "locked": {
        "lastModified": 1738453229,
        "narHash": "sha256-7H9XgNiGLKN1G1CgRh0vUL4AheZSYzPm+zmZ7vxbJdo=",
        "owner": "hercules-ci",
        "repo": "flake-parts",
        "rev": "32ea77a06711b758da0ad9bd6a844c5740a87abd",
        "type": "github"
      },
      "original": {
        "owner": "hercules-ci",
        "repo": "flake-parts",
        "type": "github"
      }
    },
    "flake-parts_2": {
      "inputs": {
        "nixpkgs-lib": "nixpkgs-lib_2"
      },
      "locked": {
        "lastModified": 1738453229,
        "narHash": "sha256-7H9XgNiGLKN1G1CgRh0vUL4AheZSYzPm+zmZ7vxbJdo=",
        "owner": "hercules-ci",
        "repo": "flake-parts",
        "rev": "32ea77a06711b758da0ad9bd6a844c5740a87abd",
        "type": "github"
      },
      "original": {
        "owner": "hercules-ci",
        "repo": "flake-parts",
        "type": "github"
      }
    },
    "flake-parts_3": {
      "inputs": {
        "nixpkgs-lib": "nixpkgs-lib_3"
      },
      "locked": {
        "lastModified": 1738453229,
        "narHash": "sha256-7H9XgNiGLKN1G1CgRh0vUL4AheZSYzPm+zmZ7vxbJdo=",
        "owner": "hercules-ci",
        "repo": "flake-parts",
        "rev": "32ea77a06711b758da0ad9bd6a844c5740a87abd",
        "type": "github"
      },
      "original": {
        "owner": "hercules-ci",
        "repo": "flake-parts",
        "type": "github"
      }
    },
    "flake-utils": {
      "locked": {
        "lastModified": 1644229661,
        "narHash": "sha256-1YdnJAsNy69bpcjuoKdOYQX0YxZBiCYZo4Twxerqv7k=",
        "owner": "numtide",
        "repo": "flake-utils",
        "rev": "3cecb5b042f7f209c56ffd8371b2711a290ec797",
        "type": "github"
      },
      "original": {
        "owner": "numtide",
        "repo": "flake-utils",
        "type": "github"
      }
    },
    "horizon-advance": {
      "inputs": {
        "flake-parts": [
          "horizon-advance",
          "horizon-core",
          "flake-parts"
        ],
        "horizon-core": "horizon-core",
        "horizon-hoogle": "horizon-hoogle_2",
        "nixpkgs": "nixpkgs_4"
      },
      "locked": {
        "lastModified": 1739856432,
        "narHash": "sha256-JL7bNAsTV4JPD1I9BJlDMdwWbLy/EW6Auq6b6IxlTsE=",
        "ref": "lts/ghc-9.10.x",
        "rev": "8a7101d6871c7f9902d1a6d0a9cba3acb392418e",
        "revCount": 261,
        "type": "git",
        "url": "https://gitlab.horizon-haskell.net/package-sets/horizon-advance"
      },
      "original": {
        "ref": "lts/ghc-9.10.x",
        "type": "git",
        "url": "https://gitlab.horizon-haskell.net/package-sets/horizon-advance"
      }
    },
    "horizon-build-packages": {
      "inputs": {
        "flake-parts": [
          "horizon-advance",
          "horizon-core",
          "horizon-build-packages",
          "horizon-ghc",
          "flake-parts"
        ],
        "horizon-ghc": "horizon-ghc",
        "nixpkgs": "nixpkgs_2"
      },
      "locked": {
        "lastModified": 1739850588,
        "narHash": "sha256-l+A/ErtpGT0xQIFRbofa1LLxrmLqxRbKZAS0JbaHapk=",
        "ref": "lts/ghc-9.10.x",
        "rev": "da8738a2d230cab6db3ffeee04bb6fd060a03b51",
        "revCount": 104,
        "type": "git",
        "url": "https://gitlab.horizon-haskell.net/package-sets/horizon-build-packages"
      },
      "original": {
        "ref": "lts/ghc-9.10.x",
        "type": "git",
        "url": "https://gitlab.horizon-haskell.net/package-sets/horizon-build-packages"
      }
    },
    "horizon-core": {
      "inputs": {
        "flake-parts": "flake-parts_2",
        "horizon-build-packages": "horizon-build-packages",
        "horizon-hoogle": "horizon-hoogle",
        "nixpkgs": "nixpkgs_3"
      },
      "locked": {
        "lastModified": 1739855920,
        "narHash": "sha256-VQEVj3hJZyGU1NpxGRhdG5q0zT8c/+6U9c4e5TwNU8o=",
        "ref": "lts/ghc-9.10.x",
        "rev": "c16504fbd07febe41389b675e5e4e76f35f195c5",
        "revCount": 1381,
        "type": "git",
        "url": "https://gitlab.horizon-haskell.net/package-sets/horizon-core"
      },
      "original": {
        "ref": "lts/ghc-9.10.x",
        "type": "git",
        "url": "https://gitlab.horizon-haskell.net/package-sets/horizon-core"
      }
    },
    "horizon-ghc": {
      "inputs": {
        "flake-parts": "flake-parts_3",
        "nixpkgs": "nixpkgs"
      },
      "locked": {
        "lastModified": 1739811141,
        "narHash": "sha256-SjNLTci9Xad4O1S1QEiJRLHA62AZ1f3QPQl36du4mWw=",
        "ref": "lts/ghc-9.10.x",
        "rev": "13e09c5db6fb870f451d7f0457aa3e07e63f1cce",
        "revCount": 116,
        "type": "git",
        "url": "https://gitlab.horizon-haskell.net/ghc/horizon-ghc"
      },
      "original": {
        "ref": "lts/ghc-9.10.x",
        "type": "git",
        "url": "https://gitlab.horizon-haskell.net/ghc/horizon-ghc"
      }
    },
    "horizon-hoogle": {
      "locked": {
        "lastModified": 1701521742,
        "narHash": "sha256-huf/95jYL7mY0AHSziJYXx4m/sP+G+YAbJb+Q5Ph/Jg=",
        "ref": "refs/heads/master",
        "rev": "ddf3b08c6458c1a9e0d881f968c050bc828b9b8e",
        "revCount": 2,
        "type": "git",
        "url": "https://gitlab.horizon-haskell.net/nix/horizon-hoogle"
      },
      "original": {
        "type": "git",
        "url": "https://gitlab.horizon-haskell.net/nix/horizon-hoogle"
      }
    },
    "horizon-hoogle_2": {
      "locked": {
        "lastModified": 1701521742,
        "narHash": "sha256-huf/95jYL7mY0AHSziJYXx4m/sP+G+YAbJb+Q5Ph/Jg=",
        "ref": "refs/heads/master",
        "rev": "ddf3b08c6458c1a9e0d881f968c050bc828b9b8e",
        "revCount": 2,
        "type": "git",
        "url": "https://gitlab.horizon-haskell.net/nix/horizon-hoogle"
      },
      "original": {
        "type": "git",
        "url": "https://gitlab.horizon-haskell.net/nix/horizon-hoogle"
      }
    },
    "lint-utils": {
      "inputs": {
        "flake-utils": "flake-utils",
        "nixpkgs": [
          "nixpkgs"
        ]
      },
      "locked": {
        "lastModified": 1708583908,
        "narHash": "sha256-zuNxxkt/wS8Z5TbGarf4QZVDt1R65dDkEw/s2T/tCW4=",
        "owner": "homotopic",
        "repo": "lint-utils",
        "rev": "2d77caa3644065ee0f462cc5ea654280c59127b2",
        "type": "github"
      },
      "original": {
        "owner": "homotopic",
        "repo": "lint-utils",
        "type": "github"
      }
    },
    "nixpkgs": {
      "locked": {
        "lastModified": 1739754454,
        "narHash": "sha256-WnyJxIPFVKUZ8gYWKpw5H7kildqCyGwtWM5XG447ssA=",
        "owner": "NixOS",
        "repo": "nixpkgs",
        "rev": "27855fb32313966051de851011ef86691360ea69",
        "type": "github"
      },
      "original": {
        "owner": "NixOS",
        "ref": "haskell-updates",
        "repo": "nixpkgs",
        "type": "github"
      }
    },
    "nixpkgs-lib": {
      "locked": {
        "lastModified": 1738452942,
        "narHash": "sha256-vJzFZGaCpnmo7I6i416HaBLpC+hvcURh/BQwROcGIp8=",
        "type": "tarball",
        "url": "https://github.com/NixOS/nixpkgs/archive/072a6db25e947df2f31aab9eccd0ab75d5b2da11.tar.gz"
      },
      "original": {
        "type": "tarball",
        "url": "https://github.com/NixOS/nixpkgs/archive/072a6db25e947df2f31aab9eccd0ab75d5b2da11.tar.gz"
      }
    },
    "nixpkgs-lib_2": {
      "locked": {
        "lastModified": 1738452942,
        "narHash": "sha256-vJzFZGaCpnmo7I6i416HaBLpC+hvcURh/BQwROcGIp8=",
        "type": "tarball",
        "url": "https://github.com/NixOS/nixpkgs/archive/072a6db25e947df2f31aab9eccd0ab75d5b2da11.tar.gz"
      },
      "original": {
        "type": "tarball",
        "url": "https://github.com/NixOS/nixpkgs/archive/072a6db25e947df2f31aab9eccd0ab75d5b2da11.tar.gz"
      }
    },
    "nixpkgs-lib_3": {
      "locked": {
        "lastModified": 1738452942,
        "narHash": "sha256-vJzFZGaCpnmo7I6i416HaBLpC+hvcURh/BQwROcGIp8=",
        "type": "tarball",
        "url": "https://github.com/NixOS/nixpkgs/archive/072a6db25e947df2f31aab9eccd0ab75d5b2da11.tar.gz"
      },
      "original": {
        "type": "tarball",
        "url": "https://github.com/NixOS/nixpkgs/archive/072a6db25e947df2f31aab9eccd0ab75d5b2da11.tar.gz"
      }
    },
    "nixpkgs_2": {
      "locked": {
        "lastModified": 1739754454,
        "narHash": "sha256-WnyJxIPFVKUZ8gYWKpw5H7kildqCyGwtWM5XG447ssA=",
        "owner": "NixOS",
        "repo": "nixpkgs",
        "rev": "27855fb32313966051de851011ef86691360ea69",
        "type": "github"
      },
      "original": {
        "owner": "NixOS",
        "ref": "haskell-updates",
        "repo": "nixpkgs",
        "type": "github"
      }
    },
    "nixpkgs_3": {
      "locked": {
        "lastModified": 1739754454,
        "narHash": "sha256-WnyJxIPFVKUZ8gYWKpw5H7kildqCyGwtWM5XG447ssA=",
        "owner": "NixOS",
        "repo": "nixpkgs",
        "rev": "27855fb32313966051de851011ef86691360ea69",
        "type": "github"
      },
      "original": {
        "owner": "NixOS",
        "ref": "haskell-updates",
        "repo": "nixpkgs",
        "type": "github"
      }
    },
    "nixpkgs_4": {
      "locked": {
        "lastModified": 1739754454,
        "narHash": "sha256-WnyJxIPFVKUZ8gYWKpw5H7kildqCyGwtWM5XG447ssA=",
        "owner": "NixOS",
        "repo": "nixpkgs",
        "rev": "27855fb32313966051de851011ef86691360ea69",
        "type": "github"
      },
      "original": {
        "owner": "NixOS",
        "ref": "haskell-updates",
        "repo": "nixpkgs",
        "type": "github"
      }
    },
    "nixpkgs_5": {
      "locked": {
        "lastModified": 1740603184,
        "narHash": "sha256-t+VaahjQAWyA+Ctn2idyo1yxRIYpaDxMgHkgCNiMJa4=",
        "owner": "NixOS",
        "repo": "nixpkgs",
        "rev": "f44bd8ca21e026135061a0a57dcf3d0775b67a49",
        "type": "github"
      },
      "original": {
        "owner": "NixOS",
        "ref": "nixos-24.11",
        "repo": "nixpkgs",
        "type": "github"
      }
    },
    "root": {
      "inputs": {
        "CHaP": "CHaP",
        "flake-parts": "flake-parts",
        "horizon-advance": "horizon-advance",
        "lint-utils": "lint-utils",
        "nixpkgs": "nixpkgs_5"
      }
    }
  },
  "root": "root",
  "version": 7
}
